%{"ex_microsoftbot": {:git, "https://github.com/zabirauf/ex_microsoftbot.git", "da8f61ff346d645c7db3d16623891e97b2d8c18a", []},
  "httpotion": {:hex, :httpotion, "2.2.2"},
  "ibrowse": {:hex, :ibrowse, "4.2.2"},
  "phoenix": {:hex, :phoenix, "1.1.4"},
  "plug": {:hex, :plug, "1.1.4"},
  "poison": {:hex, :poison, "2.1.0"}}
